
Microsoft Visual Studio Solution File, Format Version 12.00
# Visual Studio Version 17
VisualStudioVersion = 17.2.32616.157
MinimumVisualStudioVersion = 10.0.40219.1
Project("{FAE04EC0-301F-11D3-BF4B-00C04F79EFBC}") = "Quick Circularity Scan", "Quick Circularity Scan\Quick Circularity Scan.csproj", "{249F5E9E-BC8B-4A86-929F-488D6466B39C}"
EndProject
Global
	GlobalSection(SolutionConfigurationPlatforms) = preSolution
		Debug|Any CPU = Debug|Any CPU
		Release|Any CPU = Release|Any CPU
	EndGlobalSection
	GlobalSection(ProjectConfigurationPlatforms) = postSolution
		{249F5E9E-BC8B-4A86-929F-488D6466B39C}.Debug|Any CPU.ActiveCfg = Debug|Any CPU
		{249F5E9E-BC8B-4A86-929F-488D6466B39C}.Debug|Any CPU.Build.0 = Debug|Any CPU
		{249F5E9E-BC8B-4A86-929F-488D6466B39C}.Release|Any CPU.ActiveCfg = Release|Any CPU
		{249F5E9E-BC8B-4A86-929F-488D6466B39C}.Release|Any CPU.Build.0 = Release|Any CPU
	EndGlobalSection
	GlobalSection(SolutionProperties) = preSolution
		HideSolutionNode = FALSE
	EndGlobalSection
	GlobalSection(ExtensibilityGlobals) = postSolution
		SolutionGuid = {03AE010F-18EC-4D72-A770-CC35B0F40AEC}
	EndGlobalSection
EndGlobal
